
Microsoft Visual Studio Solution File, Format Version 12.00
# Visual Studio Version 17
VisualStudioVersion = 17.10.35027.167
MinimumVisualStudioVersion = 10.0.40219.1
Project("{FAE04EC0-301F-11D3-BF4B-00C04F79EFBC}") = "asynchronous", "asynchronous.csproj", "{950245C8-6C82-424C-9399-A0DEF89D66AD}"
EndProject
Global
	GlobalSection(SolutionConfigurationPlatforms) = preSolution
		Debug|Any CPU = Debug|Any CPU
		Release|Any CPU = Release|Any CPU
	EndGlobalSection
	GlobalSection(ProjectConfigurationPlatforms) = postSolution
		{950245C8-6C82-424C-9399-A0DEF89D66AD}.Debug|Any CPU.ActiveCfg = Debug|Any CPU
		{950245C8-6C82-424C-9399-A0DEF89D66AD}.Debug|Any CPU.Build.0 = Debug|Any CPU
		{950245C8-6C82-424C-9399-A0DEF89D66AD}.Release|Any CPU.ActiveCfg = Release|Any CPU
		{950245C8-6C82-424C-9399-A0DEF89D66AD}.Release|Any CPU.Build.0 = Release|Any CPU
	EndGlobalSection
	GlobalSection(SolutionProperties) = preSolution
		HideSolutionNode = FALSE
	EndGlobalSection
	GlobalSection(ExtensibilityGlobals) = postSolution
		SolutionGuid = {D5B0BF5B-E1E7-40CF-8FBF-FB9598D93B9A}
	EndGlobalSection
EndGlobal
